
Microsoft Visual Studio Solution File, Format Version 12.00
# Visual Studio 15
VisualStudioVersion = 15.0.28307.421
MinimumVisualStudioVersion = 10.0.40219.1
Project("{FAE04EC0-301F-11D3-BF4B-00C04F79EFBC}") = "Task1", "Task1\Task1.csproj", "{0D868673-ADA9-4651-8302-E32040160B58}"
EndProject
Project("{FAE04EC0-301F-11D3-BF4B-00C04F79EFBC}") = "Task2", "Task2\Task2.csproj", "{92CC93ED-534B-42E7-BC18-C547DA62CBA3}"
EndProject
Global
	GlobalSection(SolutionConfigurationPlatforms) = preSolution
		Debug|Any CPU = Debug|Any CPU
		Release|Any CPU = Release|Any CPU
	EndGlobalSection
	GlobalSection(ProjectConfigurationPlatforms) = postSolution
		{0D868673-ADA9-4651-8302-E32040160B58}.Debug|Any CPU.ActiveCfg = Debug|Any CPU
		{0D868673-ADA9-4651-8302-E32040160B58}.Debug|Any CPU.Build.0 = Debug|Any CPU
		{0D868673-ADA9-4651-8302-E32040160B58}.Release|Any CPU.ActiveCfg = Release|Any CPU
		{0D868673-ADA9-4651-8302-E32040160B58}.Release|Any CPU.Build.0 = Release|Any CPU
		{92CC93ED-534B-42E7-BC18-C547DA62CBA3}.Debug|Any CPU.ActiveCfg = Debug|Any CPU
		{92CC93ED-534B-42E7-BC18-C547DA62CBA3}.Debug|Any CPU.Build.0 = Debug|Any CPU
		{92CC93ED-534B-42E7-BC18-C547DA62CBA3}.Release|Any CPU.ActiveCfg = Release|Any CPU
		{92CC93ED-534B-42E7-BC18-C547DA62CBA3}.Release|Any CPU.Build.0 = Release|Any CPU
	EndGlobalSection
	GlobalSection(SolutionProperties) = preSolution
		HideSolutionNode = FALSE
	EndGlobalSection
	GlobalSection(ExtensibilityGlobals) = postSolution
		SolutionGuid = {93AD7B76-B024-4C47-9F1C-986FFF8352A4}
	EndGlobalSection
EndGlobal
